
Microsoft Visual Studio Solution File, Format Version 12.00
# Visual Studio Version 17
VisualStudioVersion = 17.7.34024.191
MinimumVisualStudioVersion = 10.0.40219.1
Project("{9A19103F-16F7-4668-BE54-9A1E7A4F7556}") = "StoneShard_Mono", "StoneShard-Mono\StoneShard_Mono.csproj", "{E72B7215-EB57-44F5-B691-11994A0AEC1B}"
EndProject
Project("{9A19103F-16F7-4668-BE54-9A1E7A4F7556}") = "StoneShard_Mono_RoomEditor", "StoneShard-Mono-RoomEditor\StoneShard_Mono_RoomEditor.csproj", "{2C9D3C41-4F16-4EF8-A6B4-7A8168FF685B}"
EndProject
Global
	GlobalSection(SolutionConfigurationPlatforms) = preSolution
		Debug|Any CPU = Debug|Any CPU
		Release|Any CPU = Release|Any CPU
	EndGlobalSection
	GlobalSection(ProjectConfigurationPlatforms) = postSolution
		{E72B7215-EB57-44F5-B691-11994A0AEC1B}.Debug|Any CPU.ActiveCfg = Debug|Any CPU
		{E72B7215-EB57-44F5-B691-11994A0AEC1B}.Debug|Any CPU.Build.0 = Debug|Any CPU
		{E72B7215-EB57-44F5-B691-11994A0AEC1B}.Release|Any CPU.ActiveCfg = Release|Any CPU
		{E72B7215-EB57-44F5-B691-11994A0AEC1B}.Release|Any CPU.Build.0 = Release|Any CPU
		{2C9D3C41-4F16-4EF8-A6B4-7A8168FF685B}.Debug|Any CPU.ActiveCfg = Debug|Any CPU
		{2C9D3C41-4F16-4EF8-A6B4-7A8168FF685B}.Debug|Any CPU.Build.0 = Debug|Any CPU
		{2C9D3C41-4F16-4EF8-A6B4-7A8168FF685B}.Release|Any CPU.ActiveCfg = Release|Any CPU
		{2C9D3C41-4F16-4EF8-A6B4-7A8168FF685B}.Release|Any CPU.Build.0 = Release|Any CPU
	EndGlobalSection
	GlobalSection(SolutionProperties) = preSolution
		HideSolutionNode = FALSE
	EndGlobalSection
	GlobalSection(ExtensibilityGlobals) = postSolution
		SolutionGuid = {4B88A5D8-6322-40EC-93A5-222385846A58}
	EndGlobalSection
EndGlobal
